{
  "nodes": {
    "disko": {
      "inputs": {
        "nixpkgs": [
          "nixpkgs"
        ]
      },
      "locked": {
        "lastModified": 1734088167,
        "narHash": "sha256-snPBgTqwn3FPZVdFC5yt7Bnk3squim1vZOZ8CObWykk=",
        "owner": "nix-community",
        "repo": "disko",
        "rev": "65a441502c9382d41ada1adbc9bd31d6c9b00fe2",
        "type": "github"
      },
      "original": {
        "owner": "nix-community",
        "ref": "latest",
        "repo": "disko",
        "type": "github"
      }
    },
    "dotfiles": {
      "flake": false,
      "locked": {
        "lastModified": 1735272359,
        "narHash": "sha256-bMdWi2fHloK0hETQCU0KJHf4bF6qzLX59dEXdr5Ekcg=",
        "ref": "refs/heads/main",
        "rev": "269353700616fd8b882b80858224f97e9aef15b5",
        "revCount": 1,
        "type": "git",
        "url": "https://github.com/mxckdev/dotfiles-nixos"
      },
      "original": {
        "type": "git",
        "url": "https://github.com/mxckdev/dotfiles-nixos"
      }
    },
    "flatpaks": {
      "locked": {
        "lastModified": 1734128415,
        "narHash": "sha256-HLwdVNxpuTsLlM3tCkpbQU6yCehdgf3kOS1G2SDlkzY=",
        "owner": "gmodena",
        "repo": "nix-flatpak",
        "rev": "8bdc2540da516006d07b04019eb57ae0781a04b3",
        "type": "github"
      },
      "original": {
        "owner": "gmodena",
        "ref": "latest",
        "repo": "nix-flatpak",
        "type": "github"
      }
    },
    "home-manager": {
      "inputs": {
        "nixpkgs": [
          "nixpkgs"
        ]
      },
      "locked": {
        "lastModified": 1735344290,
        "narHash": "sha256-oJDtWPH1oJT34RJK1FSWjwX4qcGOBRkcNQPD0EbSfNM=",
        "owner": "nix-community",
        "repo": "home-manager",
        "rev": "613691f285dad87694c2ba1c9e6298d04736292d",
        "type": "github"
      },
      "original": {
        "owner": "nix-community",
        "ref": "release-24.11",
        "repo": "home-manager",
        "type": "github"
      }
    },
    "nixpkgs": {
      "locked": {
        "lastModified": 1735264675,
        "narHash": "sha256-MgdXpeX2GuJbtlBrH9EdsUeWl/yXEubyvxM1G+yO4Ak=",
        "owner": "nixos",
        "repo": "nixpkgs",
        "rev": "d49da4c08359e3c39c4e27c74ac7ac9b70085966",
        "type": "github"
      },
      "original": {
        "owner": "nixos",
        "ref": "nixos-24.11",
        "repo": "nixpkgs",
        "type": "github"
      }
    },
    "root": {
      "inputs": {
        "disko": "disko",
        "dotfiles": "dotfiles",
        "flatpaks": "flatpaks",
        "home-manager": "home-manager",
        "nixpkgs": "nixpkgs"
      }
    }
  },
  "root": "root",
  "version": 7
}
